
Microsoft Visual Studio Solution File, Format Version 12.00
# Visual Studio Version 16
VisualStudioVersion = 16.0.32802.440
MinimumVisualStudioVersion = 10.0.40219.1
Project("{FAE04EC0-301F-11D3-BF4B-00C04F79EFBC}") = "project 2  task2 v4 l", "project 2  task2 v4 l\project 2  task2 v4 l.csproj", "{2F8FDFBB-F945-46F1-A082-0BDBF99B2615}"
EndProject
Global
	GlobalSection(SolutionConfigurationPlatforms) = preSolution
		Debug|Any CPU = Debug|Any CPU
		Release|Any CPU = Release|Any CPU
	EndGlobalSection
	GlobalSection(ProjectConfigurationPlatforms) = postSolution
		{2F8FDFBB-F945-46F1-A082-0BDBF99B2615}.Debug|Any CPU.ActiveCfg = Debug|Any CPU
		{2F8FDFBB-F945-46F1-A082-0BDBF99B2615}.Debug|Any CPU.Build.0 = Debug|Any CPU
		{2F8FDFBB-F945-46F1-A082-0BDBF99B2615}.Release|Any CPU.ActiveCfg = Release|Any CPU
		{2F8FDFBB-F945-46F1-A082-0BDBF99B2615}.Release|Any CPU.Build.0 = Release|Any CPU
	EndGlobalSection
	GlobalSection(SolutionProperties) = preSolution
		HideSolutionNode = FALSE
	EndGlobalSection
	GlobalSection(ExtensibilityGlobals) = postSolution
		SolutionGuid = {3F598480-39B6-4141-BC70-2223A0FA5C58}
	EndGlobalSection
EndGlobal
